// !$*UTF8*$!
{
	archiveVersion = 1;
	classes = {
	};
	objectVersion = 46;
	objects = {

/* Begin PBXBuildFile section */
		A23CB71F1A798C12009C5469 /* main.cpp in Sources */ = {isa = PBXBuildFile; fileRef = A23CB71E1A798C12009C5469 /* main.cpp */; };
/* End PBXBuildFile section */

/* Begin PBXCopyFilesBuildPhase section */
		A23CB7191A798C12009C5469 /* CopyFiles */ = {
			isa = PBXCopyFilesBuildPhase;
			buildActionMask = 2147483647;
			dstPath = /usr/share/man/man1/;
			dstSubfolderSpec = 0;
			files = (
			);
			runOnlyForDeploymentPostprocessing = 1;
		};
/* End PBXCopyFilesBuildPhase section */

/* Begin PBXFileReference section */
		A20C75801A799D1F00D3F82A /* MakeFile.make */ = {isa = PBXFileReference; lastKnownFileType = text; path = MakeFile.make; sourceTree = "<group>"; };
		A23CB71B1A798C12009C5469 /* C-Server */ = {isa = PBXFileReference; explicitFileType = "compiled.mach-o.executable"; includeInIndex = 0; path = "C-Server"; sourceTree = BUILT_PRODUCTS_DIR; };
		A23CB71E1A798C12009C5469 /* main.cpp */ = {isa = PBXFileReference; lastKnownFileType = sourcecode.cpp.cpp; path = main.cpp; sourceTree = "<group>"; };
		A25FB5C61A8FE5E90052B3EC /* cbb.png */ = {isa = PBXFileReference; lastKnownFileType = image.png; path = cbb.png; sourceTree = "<group>"; };
		A25FB5C71A8FE5E90052B3EC /* index.html */ = {isa = PBXFileReference; lastKnownFileType = text.html; path = index.html; sourceTree = "<group>"; };
		A272CE441A8FDB3600040F8A /* 710915.jpg */ = {isa = PBXFileReference; lastKnownFileType = image.jpeg; path = 710915.jpg; sourceTree = "<group>"; };
		A272CE451A8FDB3600040F8A /* 735179.jpg */ = {isa = PBXFileReference; lastKnownFileType = image.jpeg; path = 735179.jpg; sourceTree = "<group>"; };
		A272CE461A8FDB3600040F8A /* 735180.jpg */ = {isa = PBXFileReference; lastKnownFileType = image.jpeg; path = 735180.jpg; sourceTree = "<group>"; };
		A272CE471A8FDB3600040F8A /* 735181.jpg */ = {isa = PBXFileReference; lastKnownFileType = image.jpeg; path = 735181.jpg; sourceTree = "<group>"; };
		A272CE481A8FDB3600040F8A /* 735182.jpg */ = {isa = PBXFileReference; lastKnownFileType = image.jpeg; path = 735182.jpg; sourceTree = "<group>"; };
		A272CE491A8FDB3600040F8A /* 735183.jpg */ = {isa = PBXFileReference; lastKnownFileType = image.jpeg; path = 735183.jpg; sourceTree = "<group>"; };
		A272CE4A1A8FDB3600040F8A /* 735184.jpg */ = {isa = PBXFileReference; lastKnownFileType = image.jpeg; path = 735184.jpg; sourceTree = "<group>"; };
		A272CE4B1A8FDB3600040F8A /* 738079.jpg */ = {isa = PBXFileReference; lastKnownFileType = image.jpeg; path = 738079.jpg; sourceTree = "<group>"; };
		A272CE4C1A8FDB3600040F8A /* 740124.jpg */ = {isa = PBXFileReference; lastKnownFileType = image.jpeg; path = 740124.jpg; sourceTree = "<group>"; };
		A272CE4D1A8FDB3600040F8A /* 740207.jpg */ = {isa = PBXFileReference; lastKnownFileType = image.jpeg; path = 740207.jpg; sourceTree = "<group>"; };
		A272CE4E1A8FDB3600040F8A /* 740566.jpg */ = {isa = PBXFileReference; lastKnownFileType = image.jpeg; path = 740566.jpg; sourceTree = "<group>"; };
		A272CE4F1A8FDB3600040F8A /* 741458.jpg */ = {isa = PBXFileReference; lastKnownFileType = image.jpeg; path = 741458.jpg; sourceTree = "<group>"; };
		A272CE501A8FDB3600040F8A /* 756239.jpg */ = {isa = PBXFileReference; lastKnownFileType = image.jpeg; path = 756239.jpg; sourceTree = "<group>"; };
		A272CE511A8FDB3600040F8A /* 757142.jpg */ = {isa = PBXFileReference; lastKnownFileType = image.jpeg; path = 757142.jpg; sourceTree = "<group>"; };
		A272CE521A8FDB3600040F8A /* 757144.jpg */ = {isa = PBXFileReference; lastKnownFileType = image.jpeg; path = 757144.jpg; sourceTree = "<group>"; };
		A272CE531A8FDB3600040F8A /* 758339.jpg */ = {isa = PBXFileReference; lastKnownFileType = image.jpeg; path = 758339.jpg; sourceTree = "<group>"; };
		A272CE541A8FDB3600040F8A /* 758859.jpg */ = {isa = PBXFileReference; lastKnownFileType = image.jpeg; path = 758859.jpg; sourceTree = "<group>"; };
		A272CE551A8FDB3600040F8A /* 759393.jpg */ = {isa = PBXFileReference; lastKnownFileType = image.jpeg; path = 759393.jpg; sourceTree = "<group>"; };
		A272CE561A8FDB3600040F8A /* 760235.jpg */ = {isa = PBXFileReference; lastKnownFileType = image.jpeg; path = 760235.jpg; sourceTree = "<group>"; };
		A272CE571A8FDB3600040F8A /* 760766.jpg */ = {isa = PBXFileReference; lastKnownFileType = image.jpeg; path = 760766.jpg; sourceTree = "<group>"; };
		A272CE581A8FDB3600040F8A /* bottom-l1.gif */ = {isa = PBXFileReference; lastKnownFileType = image.gif; path = "bottom-l1.gif"; sourceTree = "<group>"; };
		A272CE591A8FDB3600040F8A /* bowdoin-college.gif */ = {isa = PBXFileReference; lastKnownFileType = image.gif; path = "bowdoin-college.gif"; sourceTree = "<group>"; };
		A272CE5A1A8FDB3600040F8A /* bowdoin-wordmark-295x60.png */ = {isa = PBXFileReference; lastKnownFileType = image.png; path = "bowdoin-wordmark-295x60.png"; sourceTree = "<group>"; };
		A272CE5B1A8FDB3600040F8A /* Bowdoin.html */ = {isa = PBXFileReference; lastKnownFileType = text.html; path = Bowdoin.html; sourceTree = "<group>"; };
		A272CE5C1A8FDB3600040F8A /* carousel-styles.css */ = {isa = PBXFileReference; lastKnownFileType = text.css; path = "carousel-styles.css"; sourceTree = "<group>"; };
		A272CE5D1A8FDB3600040F8A /* facebook.png */ = {isa = PBXFileReference; lastKnownFileType = image.png; path = facebook.png; sourceTree = "<group>"; };
		A272CE5E1A8FDB3600040F8A /* ga.js */ = {isa = PBXFileReference; lastKnownFileType = sourcecode.javascript; path = ga.js; sourceTree = "<group>"; };
		A272CE5F1A8FDB3600040F8A /* gplus-icon16.png */ = {isa = PBXFileReference; lastKnownFileType = image.png; path = "gplus-icon16.png"; sourceTree = "<group>"; };
		A272CE601A8FDB3600040F8A /* instagram-28x28.png */ = {isa = PBXFileReference; lastKnownFileType = image.png; path = "instagram-28x28.png"; sourceTree = "<group>"; };
		A272CE611A8FDB3600040F8A /* jquery-1.4.2.min.js */ = {isa = PBXFileReference; lastKnownFileType = sourcecode.javascript; path = "jquery-1.4.2.min.js"; sourceTree = "<group>"; };
		A272CE621A8FDB3600040F8A /* jquery-ui-1.8.custom.min.js */ = {isa = PBXFileReference; lastKnownFileType = sourcecode.javascript; path = "jquery-ui-1.8.custom.min.js"; sourceTree = "<group>"; };
		A272CE631A8FDB3600040F8A /* jquery.cycle.all.js */ = {isa = PBXFileReference; lastKnownFileType = sourcecode.javascript; path = jquery.cycle.all.js; sourceTree = "<group>"; };
		A272CE641A8FDB3600040F8A /* jquery.jcarousel.min.js */ = {isa = PBXFileReference; lastKnownFileType = sourcecode.javascript; path = jquery.jcarousel.min.js; sourceTree = "<group>"; };
		A272CE651A8FDB3600040F8A /* linkedin.png */ = {isa = PBXFileReference; lastKnownFileType = image.png; path = linkedin.png; sourceTree = "<group>"; };
		A272CE661A8FDB3600040F8A /* MLK-banner.jpg */ = {isa = PBXFileReference; lastKnownFileType = image.jpeg; path = "MLK-banner.jpg"; sourceTree = "<group>"; };
		A272CE671A8FDB3600040F8A /* navigationUnder.js */ = {isa = PBXFileReference; lastKnownFileType = sourcecode.javascript; path = navigationUnder.js; sourceTree = "<group>"; };
		A272CE681A8FDB3600040F8A /* Reunion-Convocation-Banner.jpg */ = {isa = PBXFileReference; lastKnownFileType = image.jpeg; path = "Reunion-Convocation-Banner.jpg"; sourceTree = "<group>"; };
		A272CE691A8FDB3600040F8A /* Seashore-Diaries-banner.jpg */ = {isa = PBXFileReference; lastKnownFileType = image.jpeg; path = "Seashore-Diaries-banner.jpg"; sourceTree = "<group>"; };
		A272CE6A1A8FDB3600040F8A /* skin.css */ = {isa = PBXFileReference; lastKnownFileType = text.css; path = skin.css; sourceTree = "<group>"; };
		A272CE6B1A8FDB3600040F8A /* top-l1.gif */ = {isa = PBXFileReference; lastKnownFileType = image.gif; path = "top-l1.gif"; sourceTree = "<group>"; };
		A272CE6C1A8FDB3600040F8A /* twitter.png */ = {isa = PBXFileReference; lastKnownFileType = image.png; path = twitter.png; sourceTree = "<group>"; };
		A272CE6D1A8FDB3600040F8A /* vimeo-28x28.png */ = {isa = PBXFileReference; lastKnownFileType = image.png; path = "vimeo-28x28.png"; sourceTree = "<group>"; };
		A272CE6E1A8FDB3600040F8A /* Web-Banner-Presidential-Announcement-2015-final.jpg */ = {isa = PBXFileReference; lastKnownFileType = image.jpeg; path = "Web-Banner-Presidential-Announcement-2015-final.jpg"; sourceTree = "<group>"; };
/* End PBXFileReference section */

/* Begin PBXFrameworksBuildPhase section */
		A23CB7181A798C12009C5469 /* Frameworks */ = {
			isa = PBXFrameworksBuildPhase;
			buildActionMask = 2147483647;
			files = (
			);
			runOnlyForDeploymentPostprocessing = 0;
		};
/* End PBXFrameworksBuildPhase section */

/* Begin PBXGroup section */
		A23CB7121A798C12009C5469 = {
			isa = PBXGroup;
			children = (
				A23CB71D1A798C12009C5469 /* C-Server */,
				A23CB71C1A798C12009C5469 /* Products */,
			);
			sourceTree = "<group>";
		};
		A23CB71C1A798C12009C5469 /* Products */ = {
			isa = PBXGroup;
			children = (
				A23CB71B1A798C12009C5469 /* C-Server */,
			);
			name = Products;
			sourceTree = "<group>";
		};
		A23CB71D1A798C12009C5469 /* C-Server */ = {
			isa = PBXGroup;
			children = (
				A25FB5C51A8FE5E90052B3EC /* simple */,
				A272CE431A8FDB3600040F8A /* site */,
				A20C75801A799D1F00D3F82A /* MakeFile.make */,
				A23CB71E1A798C12009C5469 /* main.cpp */,
			);
			path = "C-Server";
			sourceTree = "<group>";
		};
		A25FB5C51A8FE5E90052B3EC /* simple */ = {
			isa = PBXGroup;
			children = (
				A25FB5C61A8FE5E90052B3EC /* cbb.png */,
				A25FB5C71A8FE5E90052B3EC /* index.html */,
			);
			path = simple;
			sourceTree = "<group>";
		};
		A272CE431A8FDB3600040F8A /* site */ = {
			isa = PBXGroup;
			children = (
				A272CE441A8FDB3600040F8A /* 710915.jpg */,
				A272CE451A8FDB3600040F8A /* 735179.jpg */,
				A272CE461A8FDB3600040F8A /* 735180.jpg */,
				A272CE471A8FDB3600040F8A /* 735181.jpg */,
				A272CE481A8FDB3600040F8A /* 735182.jpg */,
				A272CE491A8FDB3600040F8A /* 735183.jpg */,
				A272CE4A1A8FDB3600040F8A /* 735184.jpg */,
				A272CE4B1A8FDB3600040F8A /* 738079.jpg */,
				A272CE4C1A8FDB3600040F8A /* 740124.jpg */,
				A272CE4D1A8FDB3600040F8A /* 740207.jpg */,
				A272CE4E1A8FDB3600040F8A /* 740566.jpg */,
				A272CE4F1A8FDB3600040F8A /* 741458.jpg */,
				A272CE501A8FDB3600040F8A /* 756239.jpg */,
				A272CE511A8FDB3600040F8A /* 757142.jpg */,
				A272CE521A8FDB3600040F8A /* 757144.jpg */,
				A272CE531A8FDB3600040F8A /* 758339.jpg */,
				A272CE541A8FDB3600040F8A /* 758859.jpg */,
				A272CE551A8FDB3600040F8A /* 759393.jpg */,
				A272CE561A8FDB3600040F8A /* 760235.jpg */,
				A272CE571A8FDB3600040F8A /* 760766.jpg */,
				A272CE581A8FDB3600040F8A /* bottom-l1.gif */,
				A272CE591A8FDB3600040F8A /* bowdoin-college.gif */,
				A272CE5A1A8FDB3600040F8A /* bowdoin-wordmark-295x60.png */,
				A272CE5B1A8FDB3600040F8A /* Bowdoin.html */,
				A272CE5C1A8FDB3600040F8A /* carousel-styles.css */,
				A272CE5D1A8FDB3600040F8A /* facebook.png */,
				A272CE5E1A8FDB3600040F8A /* ga.js */,
				A272CE5F1A8FDB3600040F8A /* gplus-icon16.png */,
				A272CE601A8FDB3600040F8A /* instagram-28x28.png */,
				A272CE611A8FDB3600040F8A /* jquery-1.4.2.min.js */,
				A272CE621A8FDB3600040F8A /* jquery-ui-1.8.custom.min.js */,
				A272CE631A8FDB3600040F8A /* jquery.cycle.all.js */,
				A272CE641A8FDB3600040F8A /* jquery.jcarousel.min.js */,
				A272CE651A8FDB3600040F8A /* linkedin.png */,
				A272CE661A8FDB3600040F8A /* MLK-banner.jpg */,
				A272CE671A8FDB3600040F8A /* navigationUnder.js */,
				A272CE681A8FDB3600040F8A /* Reunion-Convocation-Banner.jpg */,
				A272CE691A8FDB3600040F8A /* Seashore-Diaries-banner.jpg */,
				A272CE6A1A8FDB3600040F8A /* skin.css */,
				A272CE6B1A8FDB3600040F8A /* top-l1.gif */,
				A272CE6C1A8FDB3600040F8A /* twitter.png */,
				A272CE6D1A8FDB3600040F8A /* vimeo-28x28.png */,
				A272CE6E1A8FDB3600040F8A /* Web-Banner-Presidential-Announcement-2015-final.jpg */,
			);
			path = site;
			sourceTree = "<group>";
		};
/* End PBXGroup section */

/* Begin PBXNativeTarget section */
		A23CB71A1A798C12009C5469 /* C-Server */ = {
			isa = PBXNativeTarget;
			buildConfigurationList = A23CB7221A798C12009C5469 /* Build configuration list for PBXNativeTarget "C-Server" */;
			buildPhases = (
				A23CB7171A798C12009C5469 /* Sources */,
				A23CB7181A798C12009C5469 /* Frameworks */,
				A23CB7191A798C12009C5469 /* CopyFiles */,
			);
			buildRules = (
			);
			dependencies = (
			);
			name = "C-Server";
			productName = "C-Server";
			productReference = A23CB71B1A798C12009C5469 /* C-Server */;
			productType = "com.apple.product-type.tool";
		};
/* End PBXNativeTarget section */

/* Begin PBXProject section */
		A23CB7131A798C12009C5469 /* Project object */ = {
			isa = PBXProject;
			attributes = {
				LastUpgradeCheck = 0610;
				ORGANIZATIONNAME = "Zleman-Clu";
				TargetAttributes = {
					A23CB71A1A798C12009C5469 = {
						CreatedOnToolsVersion = 6.1.1;
					};
				};
			};
			buildConfigurationList = A23CB7161A798C12009C5469 /* Build configuration list for PBXProject "C-Server" */;
			compatibilityVersion = "Xcode 3.2";
			developmentRegion = English;
			hasScannedForEncodings = 0;
			knownRegions = (
				en,
			);
			mainGroup = A23CB7121A798C12009C5469;
			productRefGroup = A23CB71C1A798C12009C5469 /* Products */;
			projectDirPath = "";
			projectRoot = "";
			targets = (
				A23CB71A1A798C12009C5469 /* C-Server */,
			);
		};
/* End PBXProject section */

/* Begin PBXSourcesBuildPhase section */
		A23CB7171A798C12009C5469 /* Sources */ = {
			isa = PBXSourcesBuildPhase;
			buildActionMask = 2147483647;
			files = (
				A23CB71F1A798C12009C5469 /* main.cpp in Sources */,
			);
			runOnlyForDeploymentPostprocessing = 0;
		};
/* End PBXSourcesBuildPhase section */

/* Begin XCBuildConfiguration section */
		A23CB7201A798C12009C5469 /* Debug */ = {
			isa = XCBuildConfiguration;
			buildSettings = {
				ALWAYS_SEARCH_USER_PATHS = NO;
				CLANG_CXX_LANGUAGE_STANDARD = "gnu++0x";
				CLANG_CXX_LIBRARY = "libc++";
				CLANG_ENABLE_MODULES = YES;
				CLANG_ENABLE_OBJC_ARC = YES;
				CLANG_WARN_BOOL_CONVERSION = YES;
				CLANG_WARN_CONSTANT_CONVERSION = YES;
				CLANG_WARN_DIRECT_OBJC_ISA_USAGE = YES_ERROR;
				CLANG_WARN_EMPTY_BODY = YES;
				CLANG_WARN_ENUM_CONVERSION = YES;
				CLANG_WARN_INT_CONVERSION = YES;
				CLANG_WARN_OBJC_ROOT_CLASS = YES_ERROR;
				CLANG_WARN_UNREACHABLE_CODE = YES;
				CLANG_WARN__DUPLICATE_METHOD_MATCH = YES;
				COPY_PHASE_STRIP = NO;
				ENABLE_STRICT_OBJC_MSGSEND = YES;
				GCC_C_LANGUAGE_STANDARD = gnu99;
				GCC_DYNAMIC_NO_PIC = NO;
				GCC_OPTIMIZATION_LEVEL = 0;
				GCC_PREPROCESSOR_DEFINITIONS = (
					"DEBUG=1",
					"$(inherited)",
				);
				GCC_SYMBOLS_PRIVATE_EXTERN = NO;
				GCC_WARN_64_TO_32_BIT_CONVERSION = YES;
				GCC_WARN_ABOUT_RETURN_TYPE = YES_ERROR;
				GCC_WARN_UNDECLARED_SELECTOR = YES;
				GCC_WARN_UNINITIALIZED_AUTOS = YES_AGGRESSIVE;
				GCC_WARN_UNUSED_FUNCTION = YES;
				GCC_WARN_UNUSED_VARIABLE = YES;
				MACOSX_DEPLOYMENT_TARGET = 10.10;
				MTL_ENABLE_DEBUG_INFO = YES;
				ONLY_ACTIVE_ARCH = YES;
				SDKROOT = macosx;
			};
			name = Debug;
		};
		A23CB7211A798C12009C5469 /* Release */ = {
			isa = XCBuildConfiguration;
			buildSettings = {
				ALWAYS_SEARCH_USER_PATHS = NO;
				CLANG_CXX_LANGUAGE_STANDARD = "gnu++0x";
				CLANG_CXX_LIBRARY = "libc++";
				CLANG_ENABLE_MODULES = YES;
				CLANG_ENABLE_OBJC_ARC = YES;
				CLANG_WARN_BOOL_CONVERSION = YES;
				CLANG_WARN_CONSTANT_CONVERSION = YES;
				CLANG_WARN_DIRECT_OBJC_ISA_USAGE = YES_ERROR;
				CLANG_WARN_EMPTY_BODY = YES;
				CLANG_WARN_ENUM_CONVERSION = YES;
				CLANG_WARN_INT_CONVERSION = YES;
				CLANG_WARN_OBJC_ROOT_CLASS = YES_ERROR;
				CLANG_WARN_UNREACHABLE_CODE = YES;
				CLANG_WARN__DUPLICATE_METHOD_MATCH = YES;
				COPY_PHASE_STRIP = YES;
				DEBUG_INFORMATION_FORMAT = "dwarf-with-dsym";
				ENABLE_NS_ASSERTIONS = NO;
				ENABLE_STRICT_OBJC_MSGSEND = YES;
				GCC_C_LANGUAGE_STANDARD = gnu99;
				GCC_WARN_64_TO_32_BIT_CONVERSION = YES;
				GCC_WARN_ABOUT_RETURN_TYPE = YES_ERROR;
				GCC_WARN_UNDECLARED_SELECTOR = YES;
				GCC_WARN_UNINITIALIZED_AUTOS = YES_AGGRESSIVE;
				GCC_WARN_UNUSED_FUNCTION = YES;
				GCC_WARN_UNUSED_VARIABLE = YES;
				MACOSX_DEPLOYMENT_TARGET = 10.10;
				MTL_ENABLE_DEBUG_INFO = NO;
				SDKROOT = macosx;
			};
			name = Release;
		};
		A23CB7231A798C12009C5469 /* Debug */ = {
			isa = XCBuildConfiguration;
			buildSettings = {
				PRODUCT_NAME = "$(TARGET_NAME)";
			};
			name = Debug;
		};
		A23CB7241A798C12009C5469 /* Release */ = {
			isa = XCBuildConfiguration;
			buildSettings = {
				PRODUCT_NAME = "$(TARGET_NAME)";
			};
			name = Release;
		};
/* End XCBuildConfiguration section */

/* Begin XCConfigurationList section */
		A23CB7161A798C12009C5469 /* Build configuration list for PBXProject "C-Server" */ = {
			isa = XCConfigurationList;
			buildConfigurations = (
				A23CB7201A798C12009C5469 /* Debug */,
				A23CB7211A798C12009C5469 /* Release */,
			);
			defaultConfigurationIsVisible = 0;
			defaultConfigurationName = Release;
		};
		A23CB7221A798C12009C5469 /* Build configuration list for PBXNativeTarget "C-Server" */ = {
			isa = XCConfigurationList;
			buildConfigurations = (
				A23CB7231A798C12009C5469 /* Debug */,
				A23CB7241A798C12009C5469 /* Release */,
			);
			defaultConfigurationIsVisible = 0;
			defaultConfigurationName = Release;
		};
/* End XCConfigurationList section */
	};
	rootObject = A23CB7131A798C12009C5469 /* Project object */;
}
